
Microsoft Visual Studio Solution File, Format Version 12.00
# Visual Studio 15
VisualStudioVersion = 15.0.27130.2003
MinimumVisualStudioVersion = 10.0.40219.1
Project("{FAE04EC0-301F-11D3-BF4B-00C04F79EFBC}") = "PoolOverSocks5", "PoolOverSocks5\PoolOverSocks5.csproj", "{EBCBA52A-2E2F-4A39-8BA9-5C69A10B0528}"
EndProject
Global
	GlobalSection(SolutionConfigurationPlatforms) = preSolution
		Debug|Any CPU = Debug|Any CPU
		Release|Any CPU = Release|Any CPU
	EndGlobalSection
	GlobalSection(ProjectConfigurationPlatforms) = postSolution
		{EBCBA52A-2E2F-4A39-8BA9-5C69A10B0528}.Debug|Any CPU.ActiveCfg = Debug|Any CPU
		{EBCBA52A-2E2F-4A39-8BA9-5C69A10B0528}.Debug|Any CPU.Build.0 = Debug|Any CPU
		{EBCBA52A-2E2F-4A39-8BA9-5C69A10B0528}.Release|Any CPU.ActiveCfg = Release|Any CPU
		{EBCBA52A-2E2F-4A39-8BA9-5C69A10B0528}.Release|Any CPU.Build.0 = Release|Any CPU
	EndGlobalSection
	GlobalSection(SolutionProperties) = preSolution
		HideSolutionNode = FALSE
	EndGlobalSection
	GlobalSection(ExtensibilityGlobals) = postSolution
		SolutionGuid = {B59ED5A6-15DC-4FED-B85C-30A303F17DE8}
	EndGlobalSection
EndGlobal
